Microsoft Visual Studio Solution File, Format Version 12.00
# Visual Studio Version 17
VisualStudioVersion = 17.5.2.0
MinimumVisualStudioVersion = 10.0.40219.1
Project("{FAE04EC0-301F-11D3-BF4B-00C04F79EFBC}") = "StudentGPAApp", "StudentGPAApp.csproj", "{F5420DC2-C7F9-43F1-4928-650242E78328}"
EndProject
Global
	GlobalSection(SolutionConfigurationPlatforms) = preSolution
		Debug|Any CPU = Debug|Any CPU
		Release|Any CPU = Release|Any CPU
	EndGlobalSection
	GlobalSection(ProjectConfigurationPlatforms) = postSolution
		{F5420DC2-C7F9-43F1-4928-650242E78328}.Debug|Any CPU.ActiveCfg = Debug|Any CPU
		{F5420DC2-C7F9-43F1-4928-650242E78328}.Debug|Any CPU.Build.0 = Debug|Any CPU
		{F5420DC2-C7F9-43F1-4928-650242E78328}.Release|Any CPU.ActiveCfg = Release|Any CPU
		{F5420DC2-C7F9-43F1-4928-650242E78328}.Release|Any CPU.Build.0 = Release|Any CPU
	EndGlobalSection
	GlobalSection(SolutionProperties) = preSolution
		HideSolutionNode = FALSE
	EndGlobalSection
	GlobalSection(ExtensibilityGlobals) = postSolution
		SolutionGuid = {81D64EE5-E0E8-43D7-930B-A1D139966279}
	EndGlobalSection
EndGlobal
